# THIS IS AN AUTOGENERATED FILE. DO NOT EDIT THIS FILE DIRECTLY.
# yarn lockfile v1


"@uber/xviz@^1.0.2":
  version "1.0.2"
  resolved "https://unpm.uberinternal.com/%40uber%2Fxviz/-/private/%40uber%2Fxviz-1.0.2.tgz#cf4d128d4bbf2abe3c5d6ce9993ce1e4d6d33c3f"
  dependencies:
    color "^2.0.1"
    dotty "^0.0.2"
    math.gl "^2.0.0"
    probe.gl "^1.0.0"
    webworkify "^1.5.0"

acorn@^5.5.3:
  version "5.7.1"
  resolved "https://unpm.uberinternal.com/acorn/-/acorn-5.7.1.tgz#f095829297706a7c9776958c0afc8930a9b9d9d8"

babel-runtime@^6.11.6:
  version "6.26.0"
  resolved "https://unpm.uberinternal.com/babel-runtime/-/babel-runtime-6.26.0.tgz#965c7058668e82b55d7bfe04ff2337bc8b5647fe"
  dependencies:
    core-js "^2.4.0"
    regenerator-runtime "^0.11.0"

color-convert@^1.9.1:
  version "1.9.2"
  resolved "https://unpm.uberinternal.com/color-convert/-/color-convert-1.9.2.tgz#49881b8fba67df12a96bdf3f56c0aab9e7913147"
  dependencies:
    color-name "1.1.1"

color-name@1.1.1:
  version "1.1.1"
  resolved "https://unpm.uberinternal.com/color-name/-/color-name-1.1.1.tgz#4b1415304cf50028ea81643643bd82ea05803689"

color-name@^1.0.0:
  version "1.1.3"
  resolved "https://unpm.uberinternal.com/color-name/-/color-name-1.1.3.tgz#a7d0558bd89c42f795dd42328f740831ca53bc25"

color-string@^1.5.2:
  version "1.5.2"
  resolved "https://unpm.uberinternal.com/color-string/-/color-string-1.5.2.tgz#26e45814bc3c9a7cbd6751648a41434514a773a9"
  dependencies:
    color-name "^1.0.0"
    simple-swizzle "^0.2.2"

color@^2.0.1:
  version "2.0.1"
  resolved "https://unpm.uberinternal.com/color/-/color-2.0.1.tgz#e4ed78a3c4603d0891eba5430b04b86314f4c839"
  dependencies:
    color-convert "^1.9.1"
    color-string "^1.5.2"

core-js@^2.4.0:
  version "2.5.7"
  resolved "https://unpm.uberinternal.com/core-js/-/core-js-2.5.7.tgz#f972608ff0cead68b841a16a932d0b183791814e"

dotty@^0.0.2:
  version "0.0.2"
  resolved "https://unpm.uberinternal.com/dotty/-/dotty-0.0.2.tgz#e1de8d46267b62fade12b5b58c21ca514c4a7aa1"

gl-mat3@^1.0.0:
  version "1.0.0"
  resolved "https://unpm.uberinternal.com/gl-mat3/-/gl-mat3-1.0.0.tgz#89633219ca429379a16b9185d95d41713453b912"

gl-mat4@^1.1.4:
  version "1.2.0"
  resolved "https://unpm.uberinternal.com/gl-mat4/-/gl-mat4-1.2.0.tgz#49d8a7636b70aa00819216635f4a3fd3f4669b26"

gl-quat@^1.0.0:
  version "1.0.0"
  resolved "https://unpm.uberinternal.com/gl-quat/-/gl-quat-1.0.0.tgz#0945ec923386f45329be5dc357b1c8c2d47586c5"
  dependencies:
    gl-mat3 "^1.0.0"
    gl-vec3 "^1.0.3"
    gl-vec4 "^1.0.0"

gl-vec2@^1.0.0:
  version "1.2.0"
  resolved "https://unpm.uberinternal.com/gl-vec2/-/gl-vec2-1.2.0.tgz#b0af95d2a582e3ad818446a1800093fc60b8b212"

gl-vec3@^1.0.3:
  version "1.1.3"
  resolved "https://unpm.uberinternal.com/gl-vec3/-/gl-vec3-1.1.3.tgz#a47c62f918774a06cbed1b65bcd0288ecbb03826"

gl-vec4@^1.0.0, gl-vec4@^1.0.1:
  version "1.0.1"
  resolved "https://unpm.uberinternal.com/gl-vec4/-/gl-vec4-1.0.1.tgz#97d96878281b14b532cbce101785dfd1cb340964"

is-arrayish@^0.3.1:
  version "0.3.2"
  resolved "https://unpm.uberinternal.com/is-arrayish/-/is-arrayish-0.3.2.tgz#4574a2ae56f7ab206896fb431eaeed066fdf8f03"

math.gl@^2.0.0:
  version "2.0.0"
  resolved "https://unpm.uberinternal.com/math.gl/-/math.gl-2.0.0.tgz#c41cf8f5cfce820161511c435d3f706eebd7deb0"
  dependencies:
    gl-mat3 "^1.0.0"
    gl-mat4 "^1.1.4"
    gl-quat "^1.0.0"
    gl-vec2 "^1.0.0"
    gl-vec3 "^1.0.3"
    gl-vec4 "^1.0.1"

probe.gl@^1.0.0:
  version "1.0.2"
  resolved "https://unpm.uberinternal.com/probe.gl/-/probe.gl-1.0.2.tgz#3b0bdf015ff07dba6582badc6993890cfa5219e6"
  dependencies:
    babel-runtime "^6.11.6"

readline@^1.3.0:
  version "1.3.0"
  resolved "https://unpm.uberinternal.com/readline/-/readline-1.3.0.tgz#c580d77ef2cfc8752b132498060dc9793a7ac01c"

regenerator-runtime@^0.11.0:
  version "0.11.1"
  resolved "https://unpm.uberinternal.com/regenerator-runtime/-/regenerator-runtime-0.11.1.tgz#be05ad7f9bf7d22e056f9726cee5017fbf19e2e9"

reify@^0.16.4:
  version "0.16.4"
  resolved "https://unpm.uberinternal.com/reify/-/reify-0.16.4.tgz#52810edae7539a612b7562ab6a2260caed5d0b2e"
  dependencies:
    acorn "^5.5.3"
    semver "^5.4.1"

semver@^5.4.1:
  version "5.5.0"
  resolved "https://unpm.uberinternal.com/semver/-/semver-5.5.0.tgz#dc4bbc7a6ca9d916dee5d43516f0092b58f7b8ab"

simple-swizzle@^0.2.2:
  version "0.2.2"
  resolved "https://unpm.uberinternal.com/simple-swizzle/-/simple-swizzle-0.2.2.tgz#a4da6b635ffcccca33f70d17cb92592de95e557a"
  dependencies:
    is-arrayish "^0.3.1"

webworkify@^1.5.0:
  version "1.5.0"
  resolved "https://unpm.uberinternal.com/webworkify/-/webworkify-1.5.0.tgz#734ad87a774de6ebdd546e1d3e027da5b8f4a42c"
